// !$*UTF8*$!
{
	archiveVersion = 1;
	classes = {
	};
	objectVersion = 50;
	objects = {

/* Begin PBXBuildFile section */
		2D1C42CE21EE5F04008312F8 /* ding.mp3 in Resources */ = {isa = PBXBuildFile; fileRef = 2D1C42CD21EE5F04008312F8 /* ding.mp3 */; };
		2D5E2A3721CA0624001D1EBB /* AppDelegate.swift in Sources */ = {isa = PBXBuildFile; fileRef = 2D5E2A3621CA0624001D1EBB /* AppDelegate.swift */; };
		2D5E2A3921CA0624001D1EBB /* ViewController.swift in Sources */ = {isa = PBXBuildFile; fileRef = 2D5E2A3821CA0624001D1EBB /* ViewController.swift */; };
		2D5E2A3E21CA0625001D1EBB /* Main.storyboard in Resources */ = {isa = PBXBuildFile; fileRef = 2D5E2A3C21CA0625001D1EBB /* Main.storyboard */; };
		2DC8FE0421ED3C0900CA93F5 /* PrefsViewController.swift in Sources */ = {isa = PBXBuildFile; fileRef = 2DC8FE0321ED3C0900CA93F5 /* PrefsViewController.swift */; };
		2DC8FE0621ED553200CA93F5 /* Assests.xcassets in Resources */ = {isa = PBXBuildFile; fileRef = 2DC8FE0521ED553200CA93F5 /* Assests.xcassets */; };
		2DC8FE0B21ED588200CA93F5 /* EggTimer.swift in Sources */ = {isa = PBXBuildFile; fileRef = 2DC8FE0A21ED588200CA93F5 /* EggTimer.swift */; };
		2DC8FE0D21ED792000CA93F5 /* Preferences.swift in Sources */ = {isa = PBXBuildFile; fileRef = 2DC8FE0C21ED792000CA93F5 /* Preferences.swift */; };
/* End PBXBuildFile section */

/* Begin PBXFileReference section */
		2D1C42CD21EE5F04008312F8 /* ding.mp3 */ = {isa = PBXFileReference; lastKnownFileType = audio.mp3; path = ding.mp3; sourceTree = "<group>"; };
		2D5E2A3321CA0624001D1EBB /* EggTimer.app */ = {isa = PBXFileReference; explicitFileType = wrapper.application; includeInIndex = 0; path = EggTimer.app; sourceTree = BUILT_PRODUCTS_DIR; };
		2D5E2A3621CA0624001D1EBB /* AppDelegate.swift */ = {isa = PBXFileReference; lastKnownFileType = sourcecode.swift; path = AppDelegate.swift; sourceTree = "<group>"; };
		2D5E2A3821CA0624001D1EBB /* ViewController.swift */ = {isa = PBXFileReference; lastKnownFileType = sourcecode.swift; path = ViewController.swift; sourceTree = "<group>"; };
		2D5E2A3D21CA0625001D1EBB /* Base */ = {isa = PBXFileReference; lastKnownFileType = file.storyboard; name = Base; path = Base.lproj/Main.storyboard; sourceTree = "<group>"; };
		2D5E2A3F21CA0625001D1EBB /* Info.plist */ = {isa = PBXFileReference; lastKnownFileType = text.plist.xml; path = Info.plist; sourceTree = "<group>"; };
		2D5E2A4021CA0625001D1EBB /* EggTimer.entitlements */ = {isa = PBXFileReference; lastKnownFileType = text.plist.entitlements; path = EggTimer.entitlements; sourceTree = "<group>"; };
		2DC8FE0321ED3C0900CA93F5 /* PrefsViewController.swift */ = {isa = PBXFileReference; lastKnownFileType = sourcecode.swift; path = PrefsViewController.swift; sourceTree = "<group>"; };
		2DC8FE0521ED553200CA93F5 /* Assests.xcassets */ = {isa = PBXFileReference; lastKnownFileType = folder.assetcatalog; path = Assests.xcassets; sourceTree = "<group>"; };
		2DC8FE0A21ED588200CA93F5 /* EggTimer.swift */ = {isa = PBXFileReference; lastKnownFileType = sourcecode.swift; path = EggTimer.swift; sourceTree = "<group>"; };
		2DC8FE0C21ED792000CA93F5 /* Preferences.swift */ = {isa = PBXFileReference; lastKnownFileType = sourcecode.swift; path = Preferences.swift; sourceTree = "<group>"; };
/* End PBXFileReference section */

/* Begin PBXFrameworksBuildPhase section */
		2D5E2A3021CA0624001D1EBB /* Frameworks */ = {
			isa = PBXFrameworksBuildPhase;
			buildActionMask = 2147483647;
			files = (
			);
			runOnlyForDeploymentPostprocessing = 0;
		};
/* End PBXFrameworksBuildPhase section */

/* Begin PBXGroup section */
		2D5E2A2A21CA0624001D1EBB = {
			isa = PBXGroup;
			children = (
				2D5E2A3521CA0624001D1EBB /* EggTimer */,
				2D5E2A3421CA0624001D1EBB /* Products */,
			);
			sourceTree = "<group>";
		};
		2D5E2A3421CA0624001D1EBB /* Products */ = {
			isa = PBXGroup;
			children = (
				2D5E2A3321CA0624001D1EBB /* EggTimer.app */,
			);
			name = Products;
			sourceTree = "<group>";
		};
		2D5E2A3521CA0624001D1EBB /* EggTimer */ = {
			isa = PBXGroup;
			children = (
				2D5E2A3621CA0624001D1EBB /* AppDelegate.swift */,
				2DC8FE0721ED579A00CA93F5 /* View Controllers */,
				2DC8FE0821ED57B700CA93F5 /* Model */,
				2DC8FE0521ED553200CA93F5 /* Assests.xcassets */,
				2D5E2A3C21CA0625001D1EBB /* Main.storyboard */,
				2D1C42CD21EE5F04008312F8 /* ding.mp3 */,
				2DC8FE0921ED57D600CA93F5 /* Supporting Files */,
			);
			path = EggTimer;
			sourceTree = "<group>";
		};
		2DC8FE0721ED579A00CA93F5 /* View Controllers */ = {
			isa = PBXGroup;
			children = (
				2D5E2A3821CA0624001D1EBB /* ViewController.swift */,
				2DC8FE0321ED3C0900CA93F5 /* PrefsViewController.swift */,
			);
			path = "View Controllers";
			sourceTree = "<group>";
		};
		2DC8FE0821ED57B700CA93F5 /* Model */ = {
			isa = PBXGroup;
			children = (
				2DC8FE0A21ED588200CA93F5 /* EggTimer.swift */,
				2DC8FE0C21ED792000CA93F5 /* Preferences.swift */,
			);
			path = Model;
			sourceTree = "<group>";
		};
		2DC8FE0921ED57D600CA93F5 /* Supporting Files */ = {
			isa = PBXGroup;
			children = (
				2D5E2A3F21CA0625001D1EBB /* Info.plist */,
				2D5E2A4021CA0625001D1EBB /* EggTimer.entitlements */,
			);
			path = "Supporting Files";
			sourceTree = "<group>";
		};
/* End PBXGroup section */

/* Begin PBXNativeTarget section */
		2D5E2A3221CA0624001D1EBB /* EggTimer */ = {
			isa = PBXNativeTarget;
			buildConfigurationList = 2D5E2A4321CA0625001D1EBB /* Build configuration list for PBXNativeTarget "EggTimer" */;
			buildPhases = (
				2D5E2A2F21CA0624001D1EBB /* Sources */,
				2D5E2A3021CA0624001D1EBB /* Frameworks */,
				2D5E2A3121CA0624001D1EBB /* Resources */,
			);
			buildRules = (
			);
			dependencies = (
			);
			name = EggTimer;
			productName = EggTimer;
			productReference = 2D5E2A3321CA0624001D1EBB /* EggTimer.app */;
			productType = "com.apple.product-type.application";
		};
/* End PBXNativeTarget section */

/* Begin PBXProject section */
		2D5E2A2B21CA0624001D1EBB /* Project object */ = {
			isa = PBXProject;
			attributes = {
				LastSwiftUpdateCheck = 1010;
				LastUpgradeCheck = 1010;
				ORGANIZATIONNAME = "Tyler Evans";
				TargetAttributes = {
					2D5E2A3221CA0624001D1EBB = {
						CreatedOnToolsVersion = 10.1;
						SystemCapabilities = {
							com.apple.ApplicationGroups.Mac = {
								enabled = 0;
							};
							com.apple.Sandbox = {
								enabled = 0;
							};
						};
					};
				};
			};
			buildConfigurationList = 2D5E2A2E21CA0624001D1EBB /* Build configuration list for PBXProject "EggTimer" */;
			compatibilityVersion = "Xcode 9.3";
			developmentRegion = en;
			hasScannedForEncodings = 0;
			knownRegions = (
				en,
				Base,
			);
			mainGroup = 2D5E2A2A21CA0624001D1EBB;
			productRefGroup = 2D5E2A3421CA0624001D1EBB /* Products */;
			projectDirPath = "";
			projectRoot = "";
			targets = (
				2D5E2A3221CA0624001D1EBB /* EggTimer */,
			);
		};
/* End PBXProject section */

/* Begin PBXResourcesBuildPhase section */
		2D5E2A3121CA0624001D1EBB /* Resources */ = {
			isa = PBXResourcesBuildPhase;
			buildActionMask = 2147483647;
			files = (
				2DC8FE0621ED553200CA93F5 /* Assests.xcassets in Resources */,
				2D5E2A3E21CA0625001D1EBB /* Main.storyboard in Resources */,
				2D1C42CE21EE5F04008312F8 /* ding.mp3 in Resources */,
			);
			runOnlyForDeploymentPostprocessing = 0;
		};
/* End PBXResourcesBuildPhase section */

/* Begin PBXSourcesBuildPhase section */
		2D5E2A2F21CA0624001D1EBB /* Sources */ = {
			isa = PBXSourcesBuildPhase;
			buildActionMask = 2147483647;
			files = (
				2D5E2A3921CA0624001D1EBB /* ViewController.swift in Sources */,
				2DC8FE0B21ED588200CA93F5 /* EggTimer.swift in Sources */,
				2DC8FE0D21ED792000CA93F5 /* Preferences.swift in Sources */,
				2DC8FE0421ED3C0900CA93F5 /* PrefsViewController.swift in Sources */,
				2D5E2A3721CA0624001D1EBB /* AppDelegate.swift in Sources */,
			);
			runOnlyForDeploymentPostprocessing = 0;
		};
/* End PBXSourcesBuildPhase section */

/* Begin PBXVariantGroup section */
		2D5E2A3C21CA0625001D1EBB /* Main.storyboard */ = {
			isa = PBXVariantGroup;
			children = (
				2D5E2A3D21CA0625001D1EBB /* Base */,
			);
			name = Main.storyboard;
			sourceTree = "<group>";
		};
/* End PBXVariantGroup section */

/* Begin XCBuildConfiguration section */
		2D5E2A4121CA0625001D1EBB /* Debug */ = {
			isa = XCBuildConfiguration;
			buildSettings = {
				ALWAYS_SEARCH_USER_PATHS = NO;
				CLANG_ANALYZER_NONNULL = YES;
				CLANG_ANALYZER_NUMBER_OBJECT_CONVERSION = YES_AGGRESSIVE;
				CLANG_CXX_LANGUAGE_STANDARD = "gnu++14";
				CLANG_CXX_LIBRARY = "libc++";
				CLANG_ENABLE_MODULES = YES;
				CLANG_ENABLE_OBJC_ARC = YES;
				CLANG_ENABLE_OBJC_WEAK = YES;
				CLANG_WARN_BLOCK_CAPTURE_AUTORELEASING = YES;
				CLANG_WARN_BOOL_CONVERSION = YES;
				CLANG_WARN_COMMA = YES;
				CLANG_WARN_CONSTANT_CONVERSION = YES;
				CLANG_WARN_DEPRECATED_OBJC_IMPLEMENTATIONS = YES;
				CLANG_WARN_DIRECT_OBJC_ISA_USAGE = YES_ERROR;
				CLANG_WARN_DOCUMENTATION_COMMENTS = YES;
				CLANG_WARN_EMPTY_BODY = YES;
				CLANG_WARN_ENUM_CONVERSION = YES;
				CLANG_WARN_INFINITE_RECURSION = YES;
				CLANG_WARN_INT_CONVERSION = YES;
				CLANG_WARN_NON_LITERAL_NULL_CONVERSION = YES;
				CLANG_WARN_OBJC_IMPLICIT_RETAIN_SELF = YES;
				CLANG_WARN_OBJC_LITERAL_CONVERSION = YES;
				CLANG_WARN_OBJC_ROOT_CLASS = YES_ERROR;
				CLANG_WARN_RANGE_LOOP_ANALYSIS = YES;
				CLANG_WARN_STRICT_PROTOTYPES = YES;
				CLANG_WARN_SUSPICIOUS_MOVE = YES;
				CLANG_WARN_UNGUARDED_AVAILABILITY = YES_AGGRESSIVE;
				CLANG_WARN_UNREACHABLE_CODE = YES;
				CLANG_WARN__DUPLICATE_METHOD_MATCH = YES;
				CODE_SIGN_IDENTITY = "-";
				COPY_PHASE_STRIP = NO;
				DEBUG_INFORMATION_FORMAT = dwarf;
				ENABLE_STRICT_OBJC_MSGSEND = YES;
				ENABLE_TESTABILITY = YES;
				GCC_C_LANGUAGE_STANDARD = gnu11;
				GCC_DYNAMIC_NO_PIC = NO;
				GCC_NO_COMMON_BLOCKS = YES;
				GCC_OPTIMIZATION_LEVEL = 0;
				GCC_PREPROCESSOR_DEFINITIONS = (
					"DEBUG=1",
					"$(inherited)",
				);
				GCC_WARN_64_TO_32_BIT_CONVERSION = YES;
				GCC_WARN_ABOUT_RETURN_TYPE = YES_ERROR;
				GCC_WARN_UNDECLARED_SELECTOR = YES;
				GCC_WARN_UNINITIALIZED_AUTOS = YES_AGGRESSIVE;
				GCC_WARN_UNUSED_FUNCTION = YES;
				GCC_WARN_UNUSED_VARIABLE = YES;
				MACOSX_DEPLOYMENT_TARGET = 10.13;
				MTL_ENABLE_DEBUG_INFO = INCLUDE_SOURCE;
				MTL_FAST_MATH = YES;
				ONLY_ACTIVE_ARCH = YES;
				SDKROOT = macosx;
				SWIFT_ACTIVE_COMPILATION_CONDITIONS = DEBUG;
				SWIFT_OPTIMIZATION_LEVEL = "-Onone";
			};
			name = Debug;
		};
		2D5E2A4221CA0625001D1EBB /* Release */ = {
			isa = XCBuildConfiguration;
			buildSettings = {
				ALWAYS_SEARCH_USER_PATHS = NO;
				CLANG_ANALYZER_NONNULL = YES;
				CLANG_ANALYZER_NUMBER_OBJECT_CONVERSION = YES_AGGRESSIVE;
				CLANG_CXX_LANGUAGE_STANDARD = "gnu++14";
				CLANG_CXX_LIBRARY = "libc++";
				CLANG_ENABLE_MODULES = YES;
				CLANG_ENABLE_OBJC_ARC = YES;
				CLANG_ENABLE_OBJC_WEAK = YES;
				CLANG_WARN_BLOCK_CAPTURE_AUTORELEASING = YES;
				CLANG_WARN_BOOL_CONVERSION = YES;
				CLANG_WARN_COMMA = YES;
				CLANG_WARN_CONSTANT_CONVERSION = YES;
				CLANG_WARN_DEPRECATED_OBJC_IMPLEMENTATIONS = YES;
				CLANG_WARN_DIRECT_OBJC_ISA_USAGE = YES_ERROR;
				CLANG_WARN_DOCUMENTATION_COMMENTS = YES;
				CLANG_WARN_EMPTY_BODY = YES;
				CLANG_WARN_ENUM_CONVERSION = YES;
				CLANG_WARN_INFINITE_RECURSION = YES;
				CLANG_WARN_INT_CONVERSION = YES;
				CLANG_WARN_NON_LITERAL_NULL_CONVERSION = YES;
				CLANG_WARN_OBJC_IMPLICIT_RETAIN_SELF = YES;
				CLANG_WARN_OBJC_LITERAL_CONVERSION = YES;
				CLANG_WARN_OBJC_ROOT_CLASS = YES_ERROR;
				CLANG_WARN_RANGE_LOOP_ANALYSIS = YES;
				CLANG_WARN_STRICT_PROTOTYPES = YES;
				CLANG_WARN_SUSPICIOUS_MOVE = YES;
				CLANG_WARN_UNGUARDED_AVAILABILITY = YES_AGGRESSIVE;
				CLANG_WARN_UNREACHABLE_CODE = YES;
				CLANG_WARN__DUPLICATE_METHOD_MATCH = YES;
				CODE_SIGN_IDENTITY = "-";
				COPY_PHASE_STRIP = NO;
				DEBUG_INFORMATION_FORMAT = "dwarf-with-dsym";
				ENABLE_NS_ASSERTIONS = NO;
				ENABLE_STRICT_OBJC_MSGSEND = YES;
				GCC_C_LANGUAGE_STANDARD = gnu11;
				GCC_NO_COMMON_BLOCKS = YES;
				GCC_WARN_64_TO_32_BIT_CONVERSION = YES;
				GCC_WARN_ABOUT_RETURN_TYPE = YES_ERROR;
				GCC_WARN_UNDECLARED_SELECTOR = YES;
				GCC_WARN_UNINITIALIZED_AUTOS = YES_AGGRESSIVE;
				GCC_WARN_UNUSED_FUNCTION = YES;
				GCC_WARN_UNUSED_VARIABLE = YES;
				MACOSX_DEPLOYMENT_TARGET = 10.13;
				MTL_ENABLE_DEBUG_INFO = NO;
				MTL_FAST_MATH = YES;
				SDKROOT = macosx;
				SWIFT_COMPILATION_MODE = wholemodule;
				SWIFT_OPTIMIZATION_LEVEL = "-O";
			};
			name = Release;
		};
		2D5E2A4421CA0625001D1EBB /* Debug */ = {
			isa = XCBuildConfiguration;
			buildSettings = {
				ASSETCATALOG_COMPILER_APPICON_NAME = AppIcon;
				CODE_SIGN_ENTITLEMENTS = "EggTimer/Supporting Files/EggTimer.entitlements";
				CODE_SIGN_STYLE = Automatic;
				COMBINE_HIDPI_IMAGES = YES;
				INFOPLIST_FILE = "EggTimer/Supporting Files/Info.plist";
				LD_RUNPATH_SEARCH_PATHS = (
					"$(inherited)",
					"@executable_path/../Frameworks",
				);
				PRODUCT_BUNDLE_IDENTIFIER = co.tylerevans.EggTimer;
				PRODUCT_NAME = "$(TARGET_NAME)";
				SWIFT_VERSION = 4.2;
			};
			name = Debug;
		};
		2D5E2A4521CA0625001D1EBB /* Release */ = {
			isa = XCBuildConfiguration;
			buildSettings = {
				ASSETCATALOG_COMPILER_APPICON_NAME = AppIcon;
				CODE_SIGN_ENTITLEMENTS = "EggTimer/Supporting Files/EggTimer.entitlements";
				CODE_SIGN_STYLE = Automatic;
				COMBINE_HIDPI_IMAGES = YES;
				INFOPLIST_FILE = "EggTimer/Supporting Files/Info.plist";
				LD_RUNPATH_SEARCH_PATHS = (
					"$(inherited)",
					"@executable_path/../Frameworks",
				);
				PRODUCT_BUNDLE_IDENTIFIER = co.tylerevans.EggTimer;
				PRODUCT_NAME = "$(TARGET_NAME)";
				SWIFT_VERSION = 4.2;
			};
			name = Release;
		};
/* End XCBuildConfiguration section */

/* Begin XCConfigurationList section */
		2D5E2A2E21CA0624001D1EBB /* Build configuration list for PBXProject "EggTimer" */ = {
			isa = XCConfigurationList;
			buildConfigurations = (
				2D5E2A4121CA0625001D1EBB /* Debug */,
				2D5E2A4221CA0625001D1EBB /* Release */,
			);
			defaultConfigurationIsVisible = 0;
			defaultConfigurationName = Release;
		};
		2D5E2A4321CA0625001D1EBB /* Build configuration list for PBXNativeTarget "EggTimer" */ = {
			isa = XCConfigurationList;
			buildConfigurations = (
				2D5E2A4421CA0625001D1EBB /* Debug */,
				2D5E2A4521CA0625001D1EBB /* Release */,
			);
			defaultConfigurationIsVisible = 0;
			defaultConfigurationName = Release;
		};
/* End XCConfigurationList section */
	};
	rootObject = 2D5E2A2B21CA0624001D1EBB /* Project object */;
}
